
Microsoft Visual Studio Solution File, Format Version 12.00
# Visual Studio Version 17
VisualStudioVersion = 17.6.33829.357
MinimumVisualStudioVersion = 10.0.40219.1
Project("{FAE04EC0-301F-11D3-BF4B-00C04F79EFBC}") = "Practice2901", "Practice2901\Practice2901.csproj", "{49ACD87B-F29B-4245-99CF-E8D8C6D6A205}"
EndProject
Global
	GlobalSection(SolutionConfigurationPlatforms) = preSolution
		Debug|Any CPU = Debug|Any CPU
		Release|Any CPU = Release|Any CPU
	EndGlobalSection
	GlobalSection(ProjectConfigurationPlatforms) = postSolution
		{49ACD87B-F29B-4245-99CF-E8D8C6D6A205}.Debug|Any CPU.ActiveCfg = Debug|Any CPU
		{49ACD87B-F29B-4245-99CF-E8D8C6D6A205}.Debug|Any CPU.Build.0 = Debug|Any CPU
		{49ACD87B-F29B-4245-99CF-E8D8C6D6A205}.Release|Any CPU.ActiveCfg = Release|Any CPU
		{49ACD87B-F29B-4245-99CF-E8D8C6D6A205}.Release|Any CPU.Build.0 = Release|Any CPU
	EndGlobalSection
	GlobalSection(SolutionProperties) = preSolution
		HideSolutionNode = FALSE
	EndGlobalSection
	GlobalSection(ExtensibilityGlobals) = postSolution
		SolutionGuid = {3A3671AC-C5A5-4B4D-9DFA-B704B930FB53}
	EndGlobalSection
EndGlobal
