
Microsoft Visual Studio Solution File, Format Version 12.00
# Visual Studio Version 17
VisualStudioVersion = 17.6.33829.357
MinimumVisualStudioVersion = 10.0.40219.1
Project("{FAE04EC0-301F-11D3-BF4B-00C04F79EFBC}") = "Image upload", "Image upload\Image upload.csproj", "{3A55ACF0-DD3C-4DBD-AD77-A235D08F8C84}"
EndProject
Global
	GlobalSection(SolutionConfigurationPlatforms) = preSolution
		Debug|Any CPU = Debug|Any CPU
		Release|Any CPU = Release|Any CPU
	EndGlobalSection
	GlobalSection(ProjectConfigurationPlatforms) = postSolution
		{3A55ACF0-DD3C-4DBD-AD77-A235D08F8C84}.Debug|Any CPU.ActiveCfg = Debug|Any CPU
		{3A55ACF0-DD3C-4DBD-AD77-A235D08F8C84}.Debug|Any CPU.Build.0 = Debug|Any CPU
		{3A55ACF0-DD3C-4DBD-AD77-A235D08F8C84}.Release|Any CPU.ActiveCfg = Release|Any CPU
		{3A55ACF0-DD3C-4DBD-AD77-A235D08F8C84}.Release|Any CPU.Build.0 = Release|Any CPU
	EndGlobalSection
	GlobalSection(SolutionProperties) = preSolution
		HideSolutionNode = FALSE
	EndGlobalSection
	GlobalSection(ExtensibilityGlobals) = postSolution
		SolutionGuid = {659D5CDD-C46F-4E7B-AB21-8CE21FFB4785}
	EndGlobalSection
EndGlobal
